
Microsoft Visual Studio Solution File, Format Version 12.00
# Visual Studio Version 17
VisualStudioVersion = 17.6.33829.357
MinimumVisualStudioVersion = 10.0.40219.1
Project("{FAE04EC0-301F-11D3-BF4B-00C04F79EFBC}") = "FarmFresh.Api", "FarmFresh.Api/FarmFresh.Api.csproj", "{F01C836E-6AFB-486A-9351-A3487197D303}"
EndProject
Global
	GlobalSection(SolutionConfigurationPlatforms) = preSolution
		Debug|Any CPU = Debug|Any CPU
		Release|Any CPU = Release|Any CPU
	EndGlobalSection
	GlobalSection(ProjectConfigurationPlatforms) = postSolution
		{F01C836E-6AFB-486A-9351-A3487197D303}.Debug|Any CPU.ActiveCfg = Debug|Any CPU
		{F01C836E-6AFB-486A-9351-A3487197D303}.Debug|Any CPU.Build.0 = Debug|Any CPU
		{F01C836E-6AFB-486A-9351-A3487197D303}.Release|Any CPU.ActiveCfg = Release|Any CPU
		{F01C836E-6AFB-486A-9351-A3487197D303}.Release|Any CPU.Build.0 = Release|Any CPU
	EndGlobalSection
	GlobalSection(SolutionProperties) = preSolution
		HideSolutionNode = FALSE
	EndGlobalSection
	GlobalSection(ExtensibilityGlobals) = postSolution
		SolutionGuid = {477A1662-C38A-4729-B455-96F03FE6F9E2}
	EndGlobalSection
EndGlobal
